
Microsoft Visual Studio Solution File, Format Version 12.00
# Visual Studio Version 17
VisualStudioVersion = 17.5.33414.496
MinimumVisualStudioVersion = 10.0.40219.1
Project("{9A19103F-16F7-4668-BE54-9A1E7A4F7556}") = "AuthenticationAPI", "AuthenticationAPI\AuthenticationAPI\AuthenticationAPI.csproj", "{49CDDF5C-7ADB-4266-9848-803A7D47A166}"
EndProject
Project("{9A19103F-16F7-4668-BE54-9A1E7A4F7556}") = "MessageAPI", "MessageAPI\MessageAPI\MessageAPI.csproj", "{F1F586E2-5946-48A0-86C6-CBAF0371E15E}"
EndProject
Project("{9A19103F-16F7-4668-BE54-9A1E7A4F7556}") = "TimelineAPI", "TimelineAPI\TimelineAPI\TimelineAPI.csproj", "{576186D6-2A38-4A6D-84FF-BCA2B82B33C0}"
EndProject
Project("{9A19103F-16F7-4668-BE54-9A1E7A4F7556}") = "TweetAPI", "TweetAPI\TweetAPI\TweetAPI.csproj", "{916B2DA1-4C1C-4D5E-BB48-DEF5CE058DC3}"
EndProject
Project("{9A19103F-16F7-4668-BE54-9A1E7A4F7556}") = "UserProfileAPI", "UserProfileAPI\UserProfileAPI\UserProfileAPI.csproj", "{8CF33F4F-DB39-45FA-8465-C3874C760F23}"
EndProject
Project("{E53339B2-1760-4266-BCC7-CA923CBCF16C}") = "docker-compose", "docker-compose.dcproj", "{BEF2853A-6FE8-4DCF-813F-692B0730AEED}"
EndProject
Project("{9A19103F-16F7-4668-BE54-9A1E7A4F7556}") = "Gateway", "Gateway\Gateway.csproj", "{FD57731F-84F9-47AA-AA05-2C73A9944A76}"
EndProject
Global
	GlobalSection(SolutionConfigurationPlatforms) = preSolution
		Debug|Any CPU = Debug|Any CPU
		Release|Any CPU = Release|Any CPU
	EndGlobalSection
	GlobalSection(ProjectConfigurationPlatforms) = postSolution
		{49CDDF5C-7ADB-4266-9848-803A7D47A166}.Debug|Any CPU.ActiveCfg = Debug|Any CPU
		{49CDDF5C-7ADB-4266-9848-803A7D47A166}.Debug|Any CPU.Build.0 = Debug|Any CPU
		{49CDDF5C-7ADB-4266-9848-803A7D47A166}.Release|Any CPU.ActiveCfg = Release|Any CPU
		{49CDDF5C-7ADB-4266-9848-803A7D47A166}.Release|Any CPU.Build.0 = Release|Any CPU
		{F1F586E2-5946-48A0-86C6-CBAF0371E15E}.Debug|Any CPU.ActiveCfg = Debug|Any CPU
		{F1F586E2-5946-48A0-86C6-CBAF0371E15E}.Debug|Any CPU.Build.0 = Debug|Any CPU
		{F1F586E2-5946-48A0-86C6-CBAF0371E15E}.Release|Any CPU.ActiveCfg = Release|Any CPU
		{F1F586E2-5946-48A0-86C6-CBAF0371E15E}.Release|Any CPU.Build.0 = Release|Any CPU
		{576186D6-2A38-4A6D-84FF-BCA2B82B33C0}.Debug|Any CPU.ActiveCfg = Debug|Any CPU
		{576186D6-2A38-4A6D-84FF-BCA2B82B33C0}.Debug|Any CPU.Build.0 = Debug|Any CPU
		{576186D6-2A38-4A6D-84FF-BCA2B82B33C0}.Release|Any CPU.ActiveCfg = Release|Any CPU
		{576186D6-2A38-4A6D-84FF-BCA2B82B33C0}.Release|Any CPU.Build.0 = Release|Any CPU
		{916B2DA1-4C1C-4D5E-BB48-DEF5CE058DC3}.Debug|Any CPU.ActiveCfg = Debug|Any CPU
		{916B2DA1-4C1C-4D5E-BB48-DEF5CE058DC3}.Debug|Any CPU.Build.0 = Debug|Any CPU
		{916B2DA1-4C1C-4D5E-BB48-DEF5CE058DC3}.Release|Any CPU.ActiveCfg = Release|Any CPU
		{916B2DA1-4C1C-4D5E-BB48-DEF5CE058DC3}.Release|Any CPU.Build.0 = Release|Any CPU
		{8CF33F4F-DB39-45FA-8465-C3874C760F23}.Debug|Any CPU.ActiveCfg = Debug|Any CPU
		{8CF33F4F-DB39-45FA-8465-C3874C760F23}.Debug|Any CPU.Build.0 = Debug|Any CPU
		{8CF33F4F-DB39-45FA-8465-C3874C760F23}.Release|Any CPU.ActiveCfg = Release|Any CPU
		{8CF33F4F-DB39-45FA-8465-C3874C760F23}.Release|Any CPU.Build.0 = Release|Any CPU
		{BEF2853A-6FE8-4DCF-813F-692B0730AEED}.Debug|Any CPU.ActiveCfg = Debug|Any CPU
		{BEF2853A-6FE8-4DCF-813F-692B0730AEED}.Debug|Any CPU.Build.0 = Debug|Any CPU
		{BEF2853A-6FE8-4DCF-813F-692B0730AEED}.Release|Any CPU.ActiveCfg = Release|Any CPU
		{BEF2853A-6FE8-4DCF-813F-692B0730AEED}.Release|Any CPU.Build.0 = Release|Any CPU
		{FD57731F-84F9-47AA-AA05-2C73A9944A76}.Debug|Any CPU.ActiveCfg = Debug|Any CPU
		{FD57731F-84F9-47AA-AA05-2C73A9944A76}.Debug|Any CPU.Build.0 = Debug|Any CPU
		{FD57731F-84F9-47AA-AA05-2C73A9944A76}.Release|Any CPU.ActiveCfg = Release|Any CPU
		{FD57731F-84F9-47AA-AA05-2C73A9944A76}.Release|Any CPU.Build.0 = Release|Any CPU
	EndGlobalSection
	GlobalSection(SolutionProperties) = preSolution
		HideSolutionNode = FALSE
	EndGlobalSection
	GlobalSection(ExtensibilityGlobals) = postSolution
		SolutionGuid = {F90B981B-43DC-42EB-B310-AA1EDA5703F8}
	EndGlobalSection
EndGlobal
